github.com/boltdb/bolt v1.3.1 h1:JQmyP4ZBrce+ZQu0dY660FMfatumYDLun9hBCUVIkF4=
github.com/boltdb/bolt v1.3.1/go.mod h1:clJnj/oiGkjum5o1McbSZDSLxVThjynRyGBgiAx27Ps=
github.com/fantastical-world/dice v0.13.0 h1:lKtqScDtLub6sDlKK05+GPIljZpEiULyCKa2fe8p9Tw=
github.com/fantastical-world/dice v0.13.0/go.mod h1:WE4AvrpBOIABXOajCpBavM2tJi3rPBGK5TMa43Ox3w8=
golang.org/x/sys v0.0.0-20210603125802-9665404d3644 h1:CA1DEQ4NdKphKeL70tvsWNdT5oFh1lOjihRcEDROi0I=
golang.org/x/sys v0.0.0-20210603125802-9665404d3644/go.mod h1:oPkhp1MJrh7nUepCBck5+mAzfO9JrbApNNgaTdGDITg=
